// !$*UTF8*$!
{
	archiveVersion = 1;
	classes = {
	};
	objectVersion = 46;
	objects = {

/* Begin PBXBuildFile section */
		179DA0391A95398E009DFECF /* main.m in Sources */ = {isa = PBXBuildFile; fileRef = 179DA0381A95398E009DFECF /* main.m */; };
		179DA03C1A95398E009DFECF /* AppDelegate.m in Sources */ = {isa = PBXBuildFile; fileRef = 179DA03B1A95398E009DFECF /* AppDelegate.m */; };
		179DA03F1A95398E009DFECF /* FirstViewController.m in Sources */ = {isa = PBXBuildFile; fileRef = 179DA03E1A95398E009DFECF /* FirstViewController.m */; };
		179DA0421A95398E009DFECF /* SecondViewController.m in Sources */ = {isa = PBXBuildFile; fileRef = 179DA0411A95398E009DFECF /* SecondViewController.m */; };
		179DA0451A95398E009DFECF /* Main.storyboard in Resources */ = {isa = PBXBuildFile; fileRef = 179DA0431A95398E009DFECF /* Main.storyboard */; };
		179DA0471A95398E009DFECF /* Images.xcassets in Resources */ = {isa = PBXBuildFile; fileRef = 179DA0461A95398E009DFECF /* Images.xcassets */; };
		179DA04A1A95398E009DFECF /* LaunchScreen.xib in Resources */ = {isa = PBXBuildFile; fileRef = 179DA0481A95398E009DFECF /* LaunchScreen.xib */; };
		179DA0561A95398E009DFECF /* VectorCalculator_3Tests.m in Sources */ = {isa = PBXBuildFile; fileRef = 179DA0551A95398E009DFECF /* VectorCalculator_3Tests.m */; };
/* End PBXBuildFile section */

/* Begin PBXContainerItemProxy section */
		179DA0501A95398E009DFECF /* PBXContainerItemProxy */ = {
			isa = PBXContainerItemProxy;
			containerPortal = 179DA02B1A95398E009DFECF /* Project object */;
			proxyType = 1;
			remoteGlobalIDString = 179DA0321A95398E009DFECF;
			remoteInfo = VectorCalculator_3;
		};
/* End PBXContainerItemProxy section */

/* Begin PBXFileReference section */
		179DA0331A95398E009DFECF /* VectorCalculator_3.app */ = {isa = PBXFileReference; explicitFileType = wrapper.application; includeInIndex = 0; path = VectorCalculator_3.app; sourceTree = BUILT_PRODUCTS_DIR; };
		179DA0371A95398E009DFECF /* Info.plist */ = {isa = PBXFileReference; lastKnownFileType = text.plist.xml; path = Info.plist; sourceTree = "<group>"; };
		179DA0381A95398E009DFECF /* main.m */ = {isa = PBXFileReference; lastKnownFileType = sourcecode.c.objc; path = main.m; sourceTree = "<group>"; };
		179DA03A1A95398E009DFECF /* AppDelegate.h */ = {isa = PBXFileReference; lastKnownFileType = sourcecode.c.h; path = AppDelegate.h; sourceTree = "<group>"; };
		179DA03B1A95398E009DFECF /* AppDelegate.m */ = {isa = PBXFileReference; lastKnownFileType = sourcecode.c.objc; path = AppDelegate.m; sourceTree = "<group>"; };
		179DA03D1A95398E009DFECF /* FirstViewController.h */ = {isa = PBXFileReference; lastKnownFileType = sourcecode.c.h; path = FirstViewController.h; sourceTree = "<group>"; };
		179DA03E1A95398E009DFECF /* FirstViewController.m */ = {isa = PBXFileReference; lastKnownFileType = sourcecode.c.objc; path = FirstViewController.m; sourceTree = "<group>"; };
		179DA0401A95398E009DFECF /* SecondViewController.h */ = {isa = PBXFileReference; lastKnownFileType = sourcecode.c.h; path = SecondViewController.h; sourceTree = "<group>"; };
		179DA0411A95398E009DFECF /* SecondViewController.m */ = {isa = PBXFileReference; lastKnownFileType = sourcecode.c.objc; path = SecondViewController.m; sourceTree = "<group>"; };
		179DA0441A95398E009DFECF /* Base */ = {isa = PBXFileReference; lastKnownFileType = file.storyboard; name = Base; path = Base.lproj/Main.storyboard; sourceTree = "<group>"; };
		179DA0461A95398E009DFECF /* Images.xcassets */ = {isa = PBXFileReference; lastKnownFileType = folder.assetcatalog; path = Images.xcassets; sourceTree = "<group>"; };
		179DA0491A95398E009DFECF /* Base */ = {isa = PBXFileReference; lastKnownFileType = file.xib; name = Base; path = Base.lproj/LaunchScreen.xib; sourceTree = "<group>"; };
		179DA04F1A95398E009DFECF /* VectorCalculator_3Tests.xctest */ = {isa = PBXFileReference; explicitFileType = wrapper.cfbundle; includeInIndex = 0; path = VectorCalculator_3Tests.xctest; sourceTree = BUILT_PRODUCTS_DIR; };
		179DA0541A95398E009DFECF /* Info.plist */ = {isa = PBXFileReference; lastKnownFileType = text.plist.xml; path = Info.plist; sourceTree = "<group>"; };
		179DA0551A95398E009DFECF /* VectorCalculator_3Tests.m */ = {isa = PBXFileReference; lastKnownFileType = sourcecode.c.objc; path = VectorCalculator_3Tests.m; sourceTree = "<group>"; };
/* End PBXFileReference section */

/* Begin PBXFrameworksBuildPhase section */
		179DA0301A95398E009DFECF /* Frameworks */ = {
			isa = PBXFrameworksBuildPhase;
			buildActionMask = 2147483647;
			files = (
			);
			runOnlyForDeploymentPostprocessing = 0;
		};
		179DA04C1A95398E009DFECF /* Frameworks */ = {
			isa = PBXFrameworksBuildPhase;
			buildActionMask = 2147483647;
			files = (
			);
			runOnlyForDeploymentPostprocessing = 0;
		};
/* End PBXFrameworksBuildPhase section */

/* Begin PBXGroup section */
		179DA02A1A95398E009DFECF = {
			isa = PBXGroup;
			children = (
				179DA0351A95398E009DFECF /* VectorCalculator_3 */,
				179DA0521A95398E009DFECF /* VectorCalculator_3Tests */,
				179DA0341A95398E009DFECF /* Products */,
			);
			sourceTree = "<group>";
		};
		179DA0341A95398E009DFECF /* Products */ = {
			isa = PBXGroup;
			children = (
				179DA0331A95398E009DFECF /* VectorCalculator_3.app */,
				179DA04F1A95398E009DFECF /* VectorCalculator_3Tests.xctest */,
			);
			name = Products;
			sourceTree = "<group>";
		};
		179DA0351A95398E009DFECF /* VectorCalculator_3 */ = {
			isa = PBXGroup;
			children = (
				179DA03A1A95398E009DFECF /* AppDelegate.h */,
				179DA03B1A95398E009DFECF /* AppDelegate.m */,
				179DA03D1A95398E009DFECF /* FirstViewController.h */,
				179DA03E1A95398E009DFECF /* FirstViewController.m */,
				179DA0401A95398E009DFECF /* SecondViewController.h */,
				179DA0411A95398E009DFECF /* SecondViewController.m */,
				179DA0431A95398E009DFECF /* Main.storyboard */,
				179DA0461A95398E009DFECF /* Images.xcassets */,
				179DA0481A95398E009DFECF /* LaunchScreen.xib */,
				179DA0361A95398E009DFECF /* Supporting Files */,
			);
			path = VectorCalculator_3;
			sourceTree = "<group>";
		};
		179DA0361A95398E009DFECF /* Supporting Files */ = {
			isa = PBXGroup;
			children = (
				179DA0371A95398E009DFECF /* Info.plist */,
				179DA0381A95398E009DFECF /* main.m */,
			);
			name = "Supporting Files";
			sourceTree = "<group>";
		};
		179DA0521A95398E009DFECF /* VectorCalculator_3Tests */ = {
			isa = PBXGroup;
			children = (
				179DA0551A95398E009DFECF /* VectorCalculator_3Tests.m */,
				179DA0531A95398E009DFECF /* Supporting Files */,
			);
			path = VectorCalculator_3Tests;
			sourceTree = "<group>";
		};
		179DA0531A95398E009DFECF /* Supporting Files */ = {
			isa = PBXGroup;
			children = (
				179DA0541A95398E009DFECF /* Info.plist */,
			);
			name = "Supporting Files";
			sourceTree = "<group>";
		};
/* End PBXGroup section */

/* Begin PBXNativeTarget section */
		179DA0321A95398E009DFECF /* VectorCalculator_3 */ = {
			isa = PBXNativeTarget;
			buildConfigurationList = 179DA0591A95398E009DFECF /* Build configuration list for PBXNativeTarget "VectorCalculator_3" */;
			buildPhases = (
				179DA02F1A95398E009DFECF /* Sources */,
				179DA0301A95398E009DFECF /* Frameworks */,
				179DA0311A95398E009DFECF /* Resources */,
			);
			buildRules = (
			);
			dependencies = (
			);
			name = VectorCalculator_3;
			productName = VectorCalculator_3;
			productReference = 179DA0331A95398E009DFECF /* VectorCalculator_3.app */;
			productType = "com.apple.product-type.application";
		};
		179DA04E1A95398E009DFECF /* VectorCalculator_3Tests */ = {
			isa = PBXNativeTarget;
			buildConfigurationList = 179DA05C1A95398E009DFECF /* Build configuration list for PBXNativeTarget "VectorCalculator_3Tests" */;
			buildPhases = (
				179DA04B1A95398E009DFECF /* Sources */,
				179DA04C1A95398E009DFECF /* Frameworks */,
				179DA04D1A95398E009DFECF /* Resources */,
			);
			buildRules = (
			);
			dependencies = (
				179DA0511A95398E009DFECF /* PBXTargetDependency */,
			);
			name = VectorCalculator_3Tests;
			productName = VectorCalculator_3Tests;
			productReference = 179DA04F1A95398E009DFECF /* VectorCalculator_3Tests.xctest */;
			productType = "com.apple.product-type.bundle.unit-test";
		};
/* End PBXNativeTarget section */

/* Begin PBXProject section */
		179DA02B1A95398E009DFECF /* Project object */ = {
			isa = PBXProject;
			attributes = {
				LastUpgradeCheck = 0610;
				ORGANIZATIONNAME = "Tuan Kiet Luu";
				TargetAttributes = {
					179DA0321A95398E009DFECF = {
						CreatedOnToolsVersion = 6.1.1;
					};
					179DA04E1A95398E009DFECF = {
						CreatedOnToolsVersion = 6.1.1;
						TestTargetID = 179DA0321A95398E009DFECF;
					};
				};
			};
			buildConfigurationList = 179DA02E1A95398E009DFECF /* Build configuration list for PBXProject "VectorCalculator_3" */;
			compatibilityVersion = "Xcode 3.2";
			developmentRegion = English;
			hasScannedForEncodings = 0;
			knownRegions = (
				en,
				Base,
			);
			mainGroup = 179DA02A1A95398E009DFECF;
			productRefGroup = 179DA0341A95398E009DFECF /* Products */;
			projectDirPath = "";
			projectRoot = "";
			targets = (
				179DA0321A95398E009DFECF /* VectorCalculator_3 */,
				179DA04E1A95398E009DFECF /* VectorCalculator_3Tests */,
			);
		};
/* End PBXProject section */

/* Begin PBXResourcesBuildPhase section */
		179DA0311A95398E009DFECF /* Resources */ = {
			isa = PBXResourcesBuildPhase;
			buildActionMask = 2147483647;
			files = (
				179DA0451A95398E009DFECF /* Main.storyboard in Resources */,
				179DA04A1A95398E009DFECF /* LaunchScreen.xib in Resources */,
				179DA0471A95398E009DFECF /* Images.xcassets in Resources */,
			);
			runOnlyForDeploymentPostprocessing = 0;
		};
		179DA04D1A95398E009DFECF /* Resources */ = {
			isa = PBXResourcesBuildPhase;
			buildActionMask = 2147483647;
			files = (
			);
			runOnlyForDeploymentPostprocessing = 0;
		};
/* End PBXResourcesBuildPhase section */

/* Begin PBXSourcesBuildPhase section */
		179DA02F1A95398E009DFECF /* Sources */ = {
			isa = PBXSourcesBuildPhase;
			buildActionMask = 2147483647;
			files = (
				179DA0421A95398E009DFECF /* SecondViewController.m in Sources */,
				179DA03C1A95398E009DFECF /* AppDelegate.m in Sources */,
				179DA03F1A95398E009DFECF /* FirstViewController.m in Sources */,
				179DA0391A95398E009DFECF /* main.m in Sources */,
			);
			runOnlyForDeploymentPostprocessing = 0;
		};
		179DA04B1A95398E009DFECF /* Sources */ = {
			isa = PBXSourcesBuildPhase;
			buildActionMask = 2147483647;
			files = (
				179DA0561A95398E009DFECF /* VectorCalculator_3Tests.m in Sources */,
			);
			runOnlyForDeploymentPostprocessing = 0;
		};
/* End PBXSourcesBuildPhase section */

/* Begin PBXTargetDependency section */
		179DA0511A95398E009DFECF /* PBXTargetDependency */ = {
			isa = PBXTargetDependency;
			target = 179DA0321A95398E009DFECF /* VectorCalculator_3 */;
			targetProxy = 179DA0501A95398E009DFECF /* PBXContainerItemProxy */;
		};
/* End PBXTargetDependency section */

/* Begin PBXVariantGroup section */
		179DA0431A95398E009DFECF /* Main.storyboard */ = {
			isa = PBXVariantGroup;
			children = (
				179DA0441A95398E009DFECF /* Base */,
			);
			name = Main.storyboard;
			sourceTree = "<group>";
		};
		179DA0481A95398E009DFECF /* LaunchScreen.xib */ = {
			isa = PBXVariantGroup;
			children = (
				179DA0491A95398E009DFECF /* Base */,
			);
			name = LaunchScreen.xib;
			sourceTree = "<group>";
		};
/* End PBXVariantGroup section */

/* Begin XCBuildConfiguration section */
		179DA0571A95398E009DFECF /* Debug */ = {
			isa = XCBuildConfiguration;
			buildSettings = {
				ALWAYS_SEARCH_USER_PATHS = NO;
				CLANG_CXX_LANGUAGE_STANDARD = "gnu++0x";
				CLANG_CXX_LIBRARY = "libc++";
				CLANG_ENABLE_MODULES = YES;
				CLANG_ENABLE_OBJC_ARC = YES;
				CLANG_WARN_BOOL_CONVERSION = YES;
				CLANG_WARN_CONSTANT_CONVERSION = YES;
				CLANG_WARN_DIRECT_OBJC_ISA_USAGE = YES_ERROR;
				CLANG_WARN_EMPTY_BODY = YES;
				CLANG_WARN_ENUM_CONVERSION = YES;
				CLANG_WARN_INT_CONVERSION = YES;
				CLANG_WARN_OBJC_ROOT_CLASS = YES_ERROR;
				CLANG_WARN_UNREACHABLE_CODE = YES;
				CLANG_WARN__DUPLICATE_METHOD_MATCH = YES;
				"CODE_SIGN_IDENTITY[sdk=iphoneos*]" = "iPhone Developer";
				COPY_PHASE_STRIP = NO;
				ENABLE_STRICT_OBJC_MSGSEND = YES;
				GCC_C_LANGUAGE_STANDARD = gnu99;
				GCC_DYNAMIC_NO_PIC = NO;
				GCC_OPTIMIZATION_LEVEL = 0;
				GCC_PREPROCESSOR_DEFINITIONS = (
					"DEBUG=1",
					"$(inherited)",
				);
				GCC_SYMBOLS_PRIVATE_EXTERN = NO;
				GCC_WARN_64_TO_32_BIT_CONVERSION = YES;
				GCC_WARN_ABOUT_RETURN_TYPE = YES_ERROR;
				GCC_WARN_UNDECLARED_SELECTOR = YES;
				GCC_WARN_UNINITIALIZED_AUTOS = YES_AGGRESSIVE;
				GCC_WARN_UNUSED_FUNCTION = YES;
				GCC_WARN_UNUSED_VARIABLE = YES;
				IPHONEOS_DEPLOYMENT_TARGET = 8.1;
				MTL_ENABLE_DEBUG_INFO = YES;
				ONLY_ACTIVE_ARCH = YES;
				SDKROOT = iphoneos;
				TARGETED_DEVICE_FAMILY = "1,2";
			};
			name = Debug;
		};
		179DA0581A95398E009DFECF /* Release */ = {
			isa = XCBuildConfiguration;
			buildSettings = {
				ALWAYS_SEARCH_USER_PATHS = NO;
				CLANG_CXX_LANGUAGE_STANDARD = "gnu++0x";
				CLANG_CXX_LIBRARY = "libc++";
				CLANG_ENABLE_MODULES = YES;
				CLANG_ENABLE_OBJC_ARC = YES;
				CLANG_WARN_BOOL_CONVERSION = YES;
				CLANG_WARN_CONSTANT_CONVERSION = YES;
				CLANG_WARN_DIRECT_OBJC_ISA_USAGE = YES_ERROR;
				CLANG_WARN_EMPTY_BODY = YES;
				CLANG_WARN_ENUM_CONVERSION = YES;
				CLANG_WARN_INT_CONVERSION = YES;
				CLANG_WARN_OBJC_ROOT_CLASS = YES_ERROR;
				CLANG_WARN_UNREACHABLE_CODE = YES;
				CLANG_WARN__DUPLICATE_METHOD_MATCH = YES;
				"CODE_SIGN_IDENTITY[sdk=iphoneos*]" = "iPhone Developer";
				COPY_PHASE_STRIP = YES;
				ENABLE_NS_ASSERTIONS = NO;
				ENABLE_STRICT_OBJC_MSGSEND = YES;
				GCC_C_LANGUAGE_STANDARD = gnu99;
				GCC_WARN_64_TO_32_BIT_CONVERSION = YES;
				GCC_WARN_ABOUT_RETURN_TYPE = YES_ERROR;
				GCC_WARN_UNDECLARED_SELECTOR = YES;
				GCC_WARN_UNINITIALIZED_AUTOS = YES_AGGRESSIVE;
				GCC_WARN_UNUSED_FUNCTION = YES;
				GCC_WARN_UNUSED_VARIABLE = YES;
				IPHONEOS_DEPLOYMENT_TARGET = 8.1;
				MTL_ENABLE_DEBUG_INFO = NO;
				SDKROOT = iphoneos;
				TARGETED_DEVICE_FAMILY = "1,2";
				VALIDATE_PRODUCT = YES;
			};
			name = Release;
		};
		179DA05A1A95398E009DFECF /* Debug */ = {
			isa = XCBuildConfiguration;
			buildSettings = {
				ASSETCATALOG_COMPILER_APPICON_NAME = AppIcon;
				INFOPLIST_FILE = VectorCalculator_3/Info.plist;
				LD_RUNPATH_SEARCH_PATHS = "$(inherited) @executable_path/Frameworks";
				PRODUCT_NAME = "$(TARGET_NAME)";
			};
			name = Debug;
		};
		179DA05B1A95398E009DFECF /* Release */ = {
			isa = XCBuildConfiguration;
			buildSettings = {
				ASSETCATALOG_COMPILER_APPICON_NAME = AppIcon;
				INFOPLIST_FILE = VectorCalculator_3/Info.plist;
				LD_RUNPATH_SEARCH_PATHS = "$(inherited) @executable_path/Frameworks";
				PRODUCT_NAME = "$(TARGET_NAME)";
			};
			name = Release;
		};
		179DA05D1A95398E009DFECF /* Debug */ = {
			isa = XCBuildConfiguration;
			buildSettings = {
				BUNDLE_LOADER = "$(TEST_HOST)";
				FRAMEWORK_SEARCH_PATHS = (
					"$(SDKROOT)/Developer/Library/Frameworks",
					"$(inherited)",
				);
				GCC_PREPROCESSOR_DEFINITIONS = (
					"DEBUG=1",
					"$(inherited)",
				);
				INFOPLIST_FILE = VectorCalculator_3Tests/Info.plist;
				LD_RUNPATH_SEARCH_PATHS = "$(inherited) @executable_path/Frameworks @loader_path/Frameworks";
				PRODUCT_NAME = "$(TARGET_NAME)";
				TEST_HOST = "$(BUILT_PRODUCTS_DIR)/VectorCalculator_3.app/VectorCalculator_3";
			};
			name = Debug;
		};
		179DA05E1A95398E009DFECF /* Release */ = {
			isa = XCBuildConfiguration;
			buildSettings = {
				BUNDLE_LOADER = "$(TEST_HOST)";
				FRAMEWORK_SEARCH_PATHS = (
					"$(SDKROOT)/Developer/Library/Frameworks",
					"$(inherited)",
				);
				INFOPLIST_FILE = VectorCalculator_3Tests/Info.plist;
				LD_RUNPATH_SEARCH_PATHS = "$(inherited) @executable_path/Frameworks @loader_path/Frameworks";
				PRODUCT_NAME = "$(TARGET_NAME)";
				TEST_HOST = "$(BUILT_PRODUCTS_DIR)/VectorCalculator_3.app/VectorCalculator_3";
			};
			name = Release;
		};
/* End XCBuildConfiguration section */

/* Begin XCConfigurationList section */
		179DA02E1A95398E009DFECF /* Build configuration list for PBXProject "VectorCalculator_3" */ = {
			isa = XCConfigurationList;
			buildConfigurations = (
				179DA0571A95398E009DFECF /* Debug */,
				179DA0581A95398E009DFECF /* Release */,
			);
			defaultConfigurationIsVisible = 0;
			defaultConfigurationName = Release;
		};
		179DA0591A95398E009DFECF /* Build configuration list for PBXNativeTarget "VectorCalculator_3" */ = {
			isa = XCConfigurationList;
			buildConfigurations = (
				179DA05A1A95398E009DFECF /* Debug */,
				179DA05B1A95398E009DFECF /* Release */,
			);
			defaultConfigurationIsVisible = 0;
		};
		179DA05C1A95398E009DFECF /* Build configuration list for PBXNativeTarget "VectorCalculator_3Tests" */ = {
			isa = XCConfigurationList;
			buildConfigurations = (
				179DA05D1A95398E009DFECF /* Debug */,
				179DA05E1A95398E009DFECF /* Release */,
			);
			defaultConfigurationIsVisible = 0;
		};
/* End XCConfigurationList section */
	};
	rootObject = 179DA02B1A95398E009DFECF /* Project object */;
}
